{
  "name": "xhyaOne_",
  "lockfileVersion": 2,
  "requires": true,
  "packages": {
    "": {
      "dependencies": {
        "@types/activex-iwshruntimelibrary": "^0.0.3"
      }
    },
    "node_modules/@types/activex-interop": {
      "version": "0.0.3",
      "resolved": "https://registry.npmjs.org/@types/activex-interop/-/activex-interop-0.0.3.tgz",
      "integrity": "sha512-RmOaiOBqyym0g2HcCRoqr2w9fK8QwL7x8b/855N4saqGfplZ1Rxiktn9t9I6ogwomSGGnMceB8ShX5vQ63Zriw=="
    },
    "node_modules/@types/activex-iwshruntimelibrary": {
      "version": "0.0.3",
      "resolved": "https://registry.npmjs.org/@types/activex-iwshruntimelibrary/-/activex-iwshruntimelibrary-0.0.3.tgz",
      "integrity": "sha512-o3Wdhd27jHtPnv/W+lN3HbM+op6iJCxvJstLxA//pnf8lqDR5y2utwP7f/6nRrQ62HJRBcEhxyO7CseJK1C5Ew==",
      "dependencies": {
        "@types/activex-interop": "*"
      }
    }
  },
  "dependencies": {
    "@types/activex-interop": {
      "version": "0.0.3",
      "resolved": "https://registry.npmjs.org/@types/activex-interop/-/activex-interop-0.0.3.tgz",
      "integrity": "sha512-RmOaiOBqyym0g2HcCRoqr2w9fK8QwL7x8b/855N4saqGfplZ1Rxiktn9t9I6ogwomSGGnMceB8ShX5vQ63Zriw=="
    },
    "@types/activex-iwshruntimelibrary": {
      "version": "0.0.3",
      "resolved": "https://registry.npmjs.org/@types/activex-iwshruntimelibrary/-/activex-iwshruntimelibrary-0.0.3.tgz",
      "integrity": "sha512-o3Wdhd27jHtPnv/W+lN3HbM+op6iJCxvJstLxA//pnf8lqDR5y2utwP7f/6nRrQ62HJRBcEhxyO7CseJK1C5Ew==",
      "requires": {
        "@types/activex-interop": "*"
      }
    }
  }
}
